
Microsoft Visual Studio Solution File, Format Version 12.00
# Visual Studio Version 17
VisualStudioVersion = 17.2.32630.192
MinimumVisualStudioVersion = 10.0.40219.1
Project("{2150E333-8FDC-42A3-9474-1A3956D46DE8}") = "Services", "Services", "{995448F3-EB7E-4927-8363-23A20A4BAA3E}"
EndProject
Project("{2150E333-8FDC-42A3-9474-1A3956D46DE8}") = "Catalog", "Catalog", "{E58FF75D-A0F9-4A90-81D3-13D084F83F03}"
	ProjectSection(SolutionItems) = preProject
		Services\Catalog\Dockerfile = Services\Catalog\Dockerfile
	EndProjectSection
EndProject
Project("{2150E333-8FDC-42A3-9474-1A3956D46DE8}") = "ApiGateways", "ApiGateways", "{E214BF10-81FF-4A71-8832-0D51C2B2AD8E}"
EndProject
Project("{2150E333-8FDC-42A3-9474-1A3956D46DE8}") = "Basket", "Basket", "{27E9586F-5B28-44D7-BC0B-3D69BAFE3C0B}"
	ProjectSection(SolutionItems) = preProject
		Services\Basket\Dockerfile = Services\Basket\Dockerfile
	EndProjectSection
EndProject
Project("{2150E333-8FDC-42A3-9474-1A3956D46DE8}") = "Identity", "Identity", "{C4CCBE0E-8406-4B34-9B0B-EE30038AE6E4}"
EndProject
Project("{9A19103F-16F7-4668-BE54-9A1E7A4F7556}") = "Catalog.WebApi", "Services\Catalog\Catalog.WebApi\Catalog.WebApi.csproj", "{28472563-FE5B-493C-8626-EFE5E1F60629}"
EndProject
Project("{2150E333-8FDC-42A3-9474-1A3956D46DE8}") = "Ocelot", "Ocelot", "{CBA918B0-E588-475C-A3F9-3CD16A7419B8}"
EndProject
Project("{9A19103F-16F7-4668-BE54-9A1E7A4F7556}") = "OcelotApiGateway", "ApiGateways\Ocelot\OcelotApiGateway\OcelotApiGateway.csproj", "{105AB28F-FFF0-45E1-BC42-03A60141C886}"
EndProject
Project("{2150E333-8FDC-42A3-9474-1A3956D46DE8}") = "BuildingBlocks", "BuildingBlocks", "{BC02B90C-B3B4-4547-AFF0-6B4873218182}"
EndProject
Project("{2150E333-8FDC-42A3-9474-1A3956D46DE8}") = "EventBus", "EventBus", "{226D6C00-4D30-4148-B45A-7AEC482B2950}"
EndProject
Project("{9A19103F-16F7-4668-BE54-9A1E7A4F7556}") = "Basket.WebApi", "Services\Basket\Basket.WebApi\Basket.WebApi.csproj", "{212B1B0F-1B97-472A-8EEE-112954157ADA}"
EndProject
Project("{9A19103F-16F7-4668-BE54-9A1E7A4F7556}") = "Catalog.Application", "Services\Catalog\Catalog.Application\Catalog.Application.csproj", "{9F0257C8-101D-441E-B602-5F6BA0AEAF49}"
EndProject
Project("{9A19103F-16F7-4668-BE54-9A1E7A4F7556}") = "Catalog.Domain", "Services\Catalog\Catalog.Domain\Catalog.Domain.csproj", "{79674A1F-8775-4541-A082-D341E220D5C3}"
EndProject
Project("{9A19103F-16F7-4668-BE54-9A1E7A4F7556}") = "Catalog.Infostructure", "Services\Catalog\Catalog.Infostructure\Catalog.Infostructure.csproj", "{B78344B8-A107-48C7-9651-ABEC8423B982}"
EndProject
Project("{9A19103F-16F7-4668-BE54-9A1E7A4F7556}") = "Basket.Infostructure", "Services\Basket\Basket.Infostructure\Basket.Infostructure.csproj", "{5AF76063-3191-4A82-AF50-08CCA07C6CFE}"
EndProject
Project("{9A19103F-16F7-4668-BE54-9A1E7A4F7556}") = "Basket.Domain", "Services\Basket\Basket.Domain\Basket.Domain.csproj", "{2DFD1232-9AC2-4840-8877-620993B30E3E}"
EndProject
Project("{9A19103F-16F7-4668-BE54-9A1E7A4F7556}") = "Basket.Application", "Services\Basket\Basket.Application\Basket.Application.csproj", "{44B68DB0-4533-4FB4-9496-30D13534E119}"
EndProject
Project("{9A19103F-16F7-4668-BE54-9A1E7A4F7556}") = "Kafka", "BuildingBlocks\EventBus\Kafka\Kafka.csproj", "{E628873A-9074-4461-92A3-C97399753FA0}"
EndProject
Project("{E53339B2-1760-4266-BCC7-CA923CBCF16C}") = "docker-compose", "docker-compose.dcproj", "{F8C724BC-9CDC-44A4-A919-622DD58E0408}"
EndProject
Project("{9A19103F-16F7-4668-BE54-9A1E7A4F7556}") = "Identity.WebApi", "Services\Identity\Identity.Api\Identity.WebApi.csproj", "{99409507-4433-4767-B03A-64D54A5BD5E3}"
EndProject
Project("{9A19103F-16F7-4668-BE54-9A1E7A4F7556}") = "Identity.Infostructure", "Services\Identity\Identity.Infostructure\Identity.Infostructure.csproj", "{C65362C7-7B26-4F10-ADB7-1528797BD2B4}"
EndProject
Project("{9A19103F-16F7-4668-BE54-9A1E7A4F7556}") = "Identity.Domain", "Services\Identity\Identity.Domain\Identity.Domain.csproj", "{5B2AE8C9-9623-40F6-A363-FE378081DEBB}"
EndProject
Project("{9A19103F-16F7-4668-BE54-9A1E7A4F7556}") = "Identity.Application", "Services\Identity\Identity.Application\Identity.Application.csproj", "{1410CD83-0BA5-45EA-B925-A3D3997878C6}"
EndProject
Project("{2150E333-8FDC-42A3-9474-1A3956D46DE8}") = "Shared", "Shared", "{7DC6FA7C-8092-4377-864B-76F4E317254B}"
EndProject
Project("{FAE04EC0-301F-11D3-BF4B-00C04F79EFBC}") = "SharedModels", "BuildingBlocks\SharedModels\SharedModels.csproj", "{F823BCC8-6A30-4725-BB32-82AA5433EB80}"
EndProject
Global
	GlobalSection(SolutionConfigurationPlatforms) = preSolution
		Debug|Any CPU = Debug|Any CPU
		Release|Any CPU = Release|Any CPU
	EndGlobalSection
	GlobalSection(ProjectConfigurationPlatforms) = postSolution
		{28472563-FE5B-493C-8626-EFE5E1F60629}.Debug|Any CPU.ActiveCfg = Debug|Any CPU
		{28472563-FE5B-493C-8626-EFE5E1F60629}.Debug|Any CPU.Build.0 = Debug|Any CPU
		{28472563-FE5B-493C-8626-EFE5E1F60629}.Release|Any CPU.ActiveCfg = Release|Any CPU
		{28472563-FE5B-493C-8626-EFE5E1F60629}.Release|Any CPU.Build.0 = Release|Any CPU
		{105AB28F-FFF0-45E1-BC42-03A60141C886}.Debug|Any CPU.ActiveCfg = Debug|Any CPU
		{105AB28F-FFF0-45E1-BC42-03A60141C886}.Debug|Any CPU.Build.0 = Debug|Any CPU
		{105AB28F-FFF0-45E1-BC42-03A60141C886}.Release|Any CPU.ActiveCfg = Release|Any CPU
		{105AB28F-FFF0-45E1-BC42-03A60141C886}.Release|Any CPU.Build.0 = Release|Any CPU
		{212B1B0F-1B97-472A-8EEE-112954157ADA}.Debug|Any CPU.ActiveCfg = Debug|Any CPU
		{212B1B0F-1B97-472A-8EEE-112954157ADA}.Debug|Any CPU.Build.0 = Debug|Any CPU
		{212B1B0F-1B97-472A-8EEE-112954157ADA}.Release|Any CPU.ActiveCfg = Release|Any CPU
		{212B1B0F-1B97-472A-8EEE-112954157ADA}.Release|Any CPU.Build.0 = Release|Any CPU
		{9F0257C8-101D-441E-B602-5F6BA0AEAF49}.Debug|Any CPU.ActiveCfg = Debug|Any CPU
		{9F0257C8-101D-441E-B602-5F6BA0AEAF49}.Debug|Any CPU.Build.0 = Debug|Any CPU
		{9F0257C8-101D-441E-B602-5F6BA0AEAF49}.Release|Any CPU.ActiveCfg = Release|Any CPU
		{9F0257C8-101D-441E-B602-5F6BA0AEAF49}.Release|Any CPU.Build.0 = Release|Any CPU
		{79674A1F-8775-4541-A082-D341E220D5C3}.Debug|Any CPU.ActiveCfg = Debug|Any CPU
		{79674A1F-8775-4541-A082-D341E220D5C3}.Debug|Any CPU.Build.0 = Debug|Any CPU
		{79674A1F-8775-4541-A082-D341E220D5C3}.Release|Any CPU.ActiveCfg = Release|Any CPU
		{79674A1F-8775-4541-A082-D341E220D5C3}.Release|Any CPU.Build.0 = Release|Any CPU
		{B78344B8-A107-48C7-9651-ABEC8423B982}.Debug|Any CPU.ActiveCfg = Debug|Any CPU
		{B78344B8-A107-48C7-9651-ABEC8423B982}.Debug|Any CPU.Build.0 = Debug|Any CPU
		{B78344B8-A107-48C7-9651-ABEC8423B982}.Release|Any CPU.ActiveCfg = Release|Any CPU
		{B78344B8-A107-48C7-9651-ABEC8423B982}.Release|Any CPU.Build.0 = Release|Any CPU
		{5AF76063-3191-4A82-AF50-08CCA07C6CFE}.Debug|Any CPU.ActiveCfg = Debug|Any CPU
		{5AF76063-3191-4A82-AF50-08CCA07C6CFE}.Debug|Any CPU.Build.0 = Debug|Any CPU
		{5AF76063-3191-4A82-AF50-08CCA07C6CFE}.Release|Any CPU.ActiveCfg = Release|Any CPU
		{5AF76063-3191-4A82-AF50-08CCA07C6CFE}.Release|Any CPU.Build.0 = Release|Any CPU
		{2DFD1232-9AC2-4840-8877-620993B30E3E}.Debug|Any CPU.ActiveCfg = Debug|Any CPU
		{2DFD1232-9AC2-4840-8877-620993B30E3E}.Debug|Any CPU.Build.0 = Debug|Any CPU
		{2DFD1232-9AC2-4840-8877-620993B30E3E}.Release|Any CPU.ActiveCfg = Release|Any CPU
		{2DFD1232-9AC2-4840-8877-620993B30E3E}.Release|Any CPU.Build.0 = Release|Any CPU
		{44B68DB0-4533-4FB4-9496-30D13534E119}.Debug|Any CPU.ActiveCfg = Debug|Any CPU
		{44B68DB0-4533-4FB4-9496-30D13534E119}.Debug|Any CPU.Build.0 = Debug|Any CPU
		{44B68DB0-4533-4FB4-9496-30D13534E119}.Release|Any CPU.ActiveCfg = Release|Any CPU
		{44B68DB0-4533-4FB4-9496-30D13534E119}.Release|Any CPU.Build.0 = Release|Any CPU
		{E628873A-9074-4461-92A3-C97399753FA0}.Debug|Any CPU.ActiveCfg = Debug|Any CPU
		{E628873A-9074-4461-92A3-C97399753FA0}.Debug|Any CPU.Build.0 = Debug|Any CPU
		{E628873A-9074-4461-92A3-C97399753FA0}.Release|Any CPU.ActiveCfg = Release|Any CPU
		{E628873A-9074-4461-92A3-C97399753FA0}.Release|Any CPU.Build.0 = Release|Any CPU
		{F8C724BC-9CDC-44A4-A919-622DD58E0408}.Debug|Any CPU.ActiveCfg = Debug|Any CPU
		{F8C724BC-9CDC-44A4-A919-622DD58E0408}.Debug|Any CPU.Build.0 = Debug|Any CPU
		{F8C724BC-9CDC-44A4-A919-622DD58E0408}.Release|Any CPU.ActiveCfg = Release|Any CPU
		{F8C724BC-9CDC-44A4-A919-622DD58E0408}.Release|Any CPU.Build.0 = Release|Any CPU
		{99409507-4433-4767-B03A-64D54A5BD5E3}.Debug|Any CPU.ActiveCfg = Debug|Any CPU
		{99409507-4433-4767-B03A-64D54A5BD5E3}.Debug|Any CPU.Build.0 = Debug|Any CPU
		{99409507-4433-4767-B03A-64D54A5BD5E3}.Release|Any CPU.ActiveCfg = Release|Any CPU
		{99409507-4433-4767-B03A-64D54A5BD5E3}.Release|Any CPU.Build.0 = Release|Any CPU
		{C65362C7-7B26-4F10-ADB7-1528797BD2B4}.Debug|Any CPU.ActiveCfg = Debug|Any CPU
		{C65362C7-7B26-4F10-ADB7-1528797BD2B4}.Debug|Any CPU.Build.0 = Debug|Any CPU
		{C65362C7-7B26-4F10-ADB7-1528797BD2B4}.Release|Any CPU.ActiveCfg = Release|Any CPU
		{C65362C7-7B26-4F10-ADB7-1528797BD2B4}.Release|Any CPU.Build.0 = Release|Any CPU
		{5B2AE8C9-9623-40F6-A363-FE378081DEBB}.Debug|Any CPU.ActiveCfg = Debug|Any CPU
		{5B2AE8C9-9623-40F6-A363-FE378081DEBB}.Debug|Any CPU.Build.0 = Debug|Any CPU
		{5B2AE8C9-9623-40F6-A363-FE378081DEBB}.Release|Any CPU.ActiveCfg = Release|Any CPU
		{5B2AE8C9-9623-40F6-A363-FE378081DEBB}.Release|Any CPU.Build.0 = Release|Any CPU
		{1410CD83-0BA5-45EA-B925-A3D3997878C6}.Debug|Any CPU.ActiveCfg = Debug|Any CPU
		{1410CD83-0BA5-45EA-B925-A3D3997878C6}.Debug|Any CPU.Build.0 = Debug|Any CPU
		{1410CD83-0BA5-45EA-B925-A3D3997878C6}.Release|Any CPU.ActiveCfg = Release|Any CPU
		{1410CD83-0BA5-45EA-B925-A3D3997878C6}.Release|Any CPU.Build.0 = Release|Any CPU
		{F823BCC8-6A30-4725-BB32-82AA5433EB80}.Debug|Any CPU.ActiveCfg = Debug|Any CPU
		{F823BCC8-6A30-4725-BB32-82AA5433EB80}.Debug|Any CPU.Build.0 = Debug|Any CPU
		{F823BCC8-6A30-4725-BB32-82AA5433EB80}.Release|Any CPU.ActiveCfg = Release|Any CPU
		{F823BCC8-6A30-4725-BB32-82AA5433EB80}.Release|Any CPU.Build.0 = Release|Any CPU
	EndGlobalSection
	GlobalSection(SolutionProperties) = preSolution
		HideSolutionNode = FALSE
	EndGlobalSection
	GlobalSection(NestedProjects) = preSolution
		{E58FF75D-A0F9-4A90-81D3-13D084F83F03} = {995448F3-EB7E-4927-8363-23A20A4BAA3E}
		{27E9586F-5B28-44D7-BC0B-3D69BAFE3C0B} = {995448F3-EB7E-4927-8363-23A20A4BAA3E}
		{C4CCBE0E-8406-4B34-9B0B-EE30038AE6E4} = {995448F3-EB7E-4927-8363-23A20A4BAA3E}
		{28472563-FE5B-493C-8626-EFE5E1F60629} = {E58FF75D-A0F9-4A90-81D3-13D084F83F03}
		{CBA918B0-E588-475C-A3F9-3CD16A7419B8} = {E214BF10-81FF-4A71-8832-0D51C2B2AD8E}
		{105AB28F-FFF0-45E1-BC42-03A60141C886} = {CBA918B0-E588-475C-A3F9-3CD16A7419B8}
		{226D6C00-4D30-4148-B45A-7AEC482B2950} = {BC02B90C-B3B4-4547-AFF0-6B4873218182}
		{212B1B0F-1B97-472A-8EEE-112954157ADA} = {27E9586F-5B28-44D7-BC0B-3D69BAFE3C0B}
		{9F0257C8-101D-441E-B602-5F6BA0AEAF49} = {E58FF75D-A0F9-4A90-81D3-13D084F83F03}
		{79674A1F-8775-4541-A082-D341E220D5C3} = {E58FF75D-A0F9-4A90-81D3-13D084F83F03}
		{B78344B8-A107-48C7-9651-ABEC8423B982} = {E58FF75D-A0F9-4A90-81D3-13D084F83F03}
		{5AF76063-3191-4A82-AF50-08CCA07C6CFE} = {27E9586F-5B28-44D7-BC0B-3D69BAFE3C0B}
		{2DFD1232-9AC2-4840-8877-620993B30E3E} = {27E9586F-5B28-44D7-BC0B-3D69BAFE3C0B}
		{44B68DB0-4533-4FB4-9496-30D13534E119} = {27E9586F-5B28-44D7-BC0B-3D69BAFE3C0B}
		{E628873A-9074-4461-92A3-C97399753FA0} = {226D6C00-4D30-4148-B45A-7AEC482B2950}
		{99409507-4433-4767-B03A-64D54A5BD5E3} = {C4CCBE0E-8406-4B34-9B0B-EE30038AE6E4}
		{C65362C7-7B26-4F10-ADB7-1528797BD2B4} = {C4CCBE0E-8406-4B34-9B0B-EE30038AE6E4}
		{5B2AE8C9-9623-40F6-A363-FE378081DEBB} = {C4CCBE0E-8406-4B34-9B0B-EE30038AE6E4}
		{1410CD83-0BA5-45EA-B925-A3D3997878C6} = {C4CCBE0E-8406-4B34-9B0B-EE30038AE6E4}
		{7DC6FA7C-8092-4377-864B-76F4E317254B} = {BC02B90C-B3B4-4547-AFF0-6B4873218182}
		{F823BCC8-6A30-4725-BB32-82AA5433EB80} = {7DC6FA7C-8092-4377-864B-76F4E317254B}
	EndGlobalSection
	GlobalSection(ExtensibilityGlobals) = postSolution
		SolutionGuid = {AAA3D668-B2BB-4C54-97ED-76DB1137AD0E}
	EndGlobalSection
EndGlobal
